// !$*UTF8*$!
{
	archiveVersion = 1;
	classes = {
	};
	objectVersion = 46;
	objects = {

/* Begin PBXBuildFile section */
		6510D76D1C7F3BB6002AA570 /* RoomsBrain.m in Sources */ = {isa = PBXBuildFile; fileRef = 6510D76C1C7F3BB6002AA570 /* RoomsBrain.m */; };
		65120CA11C7F551C007F02E5 /* Fabric.framework in Frameworks */ = {isa = PBXBuildFile; fileRef = 65120C9F1C7F551C007F02E5 /* Fabric.framework */; };
		65120CA21C7F551C007F02E5 /* Crashlytics.framework in Frameworks */ = {isa = PBXBuildFile; fileRef = 65120CA01C7F551C007F02E5 /* Crashlytics.framework */; };
		6591F4AA1C7E5F6C0025345C /* main.m in Sources */ = {isa = PBXBuildFile; fileRef = 6591F4A91C7E5F6C0025345C /* main.m */; };
		6591F4AD1C7E5F6C0025345C /* AppDelegate.m in Sources */ = {isa = PBXBuildFile; fileRef = 6591F4AC1C7E5F6C0025345C /* AppDelegate.m */; };
		6591F4B01C7E5F6C0025345C /* ViewController.m in Sources */ = {isa = PBXBuildFile; fileRef = 6591F4AF1C7E5F6C0025345C /* ViewController.m */; };
		6591F4B31C7E5F6C0025345C /* Main.storyboard in Resources */ = {isa = PBXBuildFile; fileRef = 6591F4B11C7E5F6C0025345C /* Main.storyboard */; };
		6591F4B51C7E5F6C0025345C /* Assets.xcassets in Resources */ = {isa = PBXBuildFile; fileRef = 6591F4B41C7E5F6C0025345C /* Assets.xcassets */; };
		6591F4B81C7E5F6C0025345C /* LaunchScreen.storyboard in Resources */ = {isa = PBXBuildFile; fileRef = 6591F4B61C7E5F6C0025345C /* LaunchScreen.storyboard */; };
		659BB5F61C7FB9B0003FB479 /* SarfattiConnector.m in Sources */ = {isa = PBXBuildFile; fileRef = 659BB5F51C7FB9B0003FB479 /* SarfattiConnector.m */; };
/* End PBXBuildFile section */

/* Begin PBXFileReference section */
		6510D76B1C7F3BB6002AA570 /* RoomsBrain.h */ = {isa = PBXFileReference; fileEncoding = 4; lastKnownFileType = sourcecode.c.h; path = RoomsBrain.h; sourceTree = "<group>"; };
		6510D76C1C7F3BB6002AA570 /* RoomsBrain.m */ = {isa = PBXFileReference; fileEncoding = 4; lastKnownFileType = sourcecode.c.objc; path = RoomsBrain.m; sourceTree = "<group>"; };
		65120C9F1C7F551C007F02E5 /* Fabric.framework */ = {isa = PBXFileReference; lastKnownFileType = wrapper.framework; path = Fabric.framework; sourceTree = SOURCE_ROOT; };
		65120CA01C7F551C007F02E5 /* Crashlytics.framework */ = {isa = PBXFileReference; lastKnownFileType = wrapper.framework; path = Crashlytics.framework; sourceTree = SOURCE_ROOT; };
		6591F4A51C7E5F6C0025345C /* you@B Sync.app */ = {isa = PBXFileReference; explicitFileType = wrapper.application; includeInIndex = 0; path = "you@B Sync.app"; sourceTree = BUILT_PRODUCTS_DIR; };
		6591F4A91C7E5F6C0025345C /* main.m */ = {isa = PBXFileReference; lastKnownFileType = sourcecode.c.objc; path = main.m; sourceTree = "<group>"; };
		6591F4AB1C7E5F6C0025345C /* AppDelegate.h */ = {isa = PBXFileReference; lastKnownFileType = sourcecode.c.h; path = AppDelegate.h; sourceTree = "<group>"; };
		6591F4AC1C7E5F6C0025345C /* AppDelegate.m */ = {isa = PBXFileReference; lastKnownFileType = sourcecode.c.objc; path = AppDelegate.m; sourceTree = "<group>"; };
		6591F4AE1C7E5F6C0025345C /* ViewController.h */ = {isa = PBXFileReference; lastKnownFileType = sourcecode.c.h; path = ViewController.h; sourceTree = "<group>"; };
		6591F4AF1C7E5F6C0025345C /* ViewController.m */ = {isa = PBXFileReference; lastKnownFileType = sourcecode.c.objc; path = ViewController.m; sourceTree = "<group>"; };
		6591F4B21C7E5F6C0025345C /* Base */ = {isa = PBXFileReference; lastKnownFileType = file.storyboard; name = Base; path = Base.lproj/Main.storyboard; sourceTree = "<group>"; };
		6591F4B41C7E5F6C0025345C /* Assets.xcassets */ = {isa = PBXFileReference; lastKnownFileType = folder.assetcatalog; path = Assets.xcassets; sourceTree = "<group>"; };
		6591F4B71C7E5F6C0025345C /* Base */ = {isa = PBXFileReference; lastKnownFileType = file.storyboard; name = Base; path = Base.lproj/LaunchScreen.storyboard; sourceTree = "<group>"; };
		6591F4B91C7E5F6C0025345C /* Info.plist */ = {isa = PBXFileReference; lastKnownFileType = text.plist.xml; path = Info.plist; sourceTree = "<group>"; };
		659BB5F41C7FB9B0003FB479 /* SarfattiConnector.h */ = {isa = PBXFileReference; fileEncoding = 4; lastKnownFileType = sourcecode.c.h; path = SarfattiConnector.h; sourceTree = "<group>"; };
		659BB5F51C7FB9B0003FB479 /* SarfattiConnector.m */ = {isa = PBXFileReference; fileEncoding = 4; lastKnownFileType = sourcecode.c.objc; path = SarfattiConnector.m; sourceTree = "<group>"; };
/* End PBXFileReference section */

/* Begin PBXFrameworksBuildPhase section */
		6591F4A21C7E5F6C0025345C /* Frameworks */ = {
			isa = PBXFrameworksBuildPhase;
			buildActionMask = 2147483647;
			files = (
				65120CA21C7F551C007F02E5 /* Crashlytics.framework in Frameworks */,
				65120CA11C7F551C007F02E5 /* Fabric.framework in Frameworks */,
			);
			runOnlyForDeploymentPostprocessing = 0;
		};
/* End PBXFrameworksBuildPhase section */

/* Begin PBXGroup section */
		6591F49C1C7E5F6C0025345C = {
			isa = PBXGroup;
			children = (
				6591F4A71C7E5F6C0025345C /* BocconiSync */,
				6591F4A61C7E5F6C0025345C /* Products */,
			);
			sourceTree = "<group>";
		};
		6591F4A61C7E5F6C0025345C /* Products */ = {
			isa = PBXGroup;
			children = (
				6591F4A51C7E5F6C0025345C /* you@B Sync.app */,
			);
			name = Products;
			sourceTree = "<group>";
		};
		6591F4A71C7E5F6C0025345C /* BocconiSync */ = {
			isa = PBXGroup;
			children = (
				6591F4AB1C7E5F6C0025345C /* AppDelegate.h */,
				6591F4AC1C7E5F6C0025345C /* AppDelegate.m */,
				659BB5F41C7FB9B0003FB479 /* SarfattiConnector.h */,
				659BB5F51C7FB9B0003FB479 /* SarfattiConnector.m */,
				6591F4AE1C7E5F6C0025345C /* ViewController.h */,
				6591F4AF1C7E5F6C0025345C /* ViewController.m */,
				6591F4B11C7E5F6C0025345C /* Main.storyboard */,
				6591F4B41C7E5F6C0025345C /* Assets.xcassets */,
				6591F4B61C7E5F6C0025345C /* LaunchScreen.storyboard */,
				6591F4B91C7E5F6C0025345C /* Info.plist */,
				6591F4A81C7E5F6C0025345C /* Supporting Files */,
				6510D76B1C7F3BB6002AA570 /* RoomsBrain.h */,
				6510D76C1C7F3BB6002AA570 /* RoomsBrain.m */,
			);
			path = BocconiSync;
			sourceTree = "<group>";
		};
		6591F4A81C7E5F6C0025345C /* Supporting Files */ = {
			isa = PBXGroup;
			children = (
				65120C9F1C7F551C007F02E5 /* Fabric.framework */,
				65120CA01C7F551C007F02E5 /* Crashlytics.framework */,
				6591F4A91C7E5F6C0025345C /* main.m */,
			);
			name = "Supporting Files";
			sourceTree = "<group>";
		};
/* End PBXGroup section */

/* Begin PBXNativeTarget section */
		6591F4A41C7E5F6C0025345C /* you@B Sync */ = {
			isa = PBXNativeTarget;
			buildConfigurationList = 6591F4BC1C7E5F6C0025345C /* Build configuration list for PBXNativeTarget "you@B Sync" */;
			buildPhases = (
				6591F4A11C7E5F6C0025345C /* Sources */,
				6591F4A21C7E5F6C0025345C /* Frameworks */,
				6591F4A31C7E5F6C0025345C /* Resources */,
				65120C9E1C7F54F4007F02E5 /* ShellScript */,
			);
			buildRules = (
			);
			dependencies = (
			);
			name = "you@B Sync";
			productName = BocconiSync;
			productReference = 6591F4A51C7E5F6C0025345C /* you@B Sync.app */;
			productType = "com.apple.product-type.application";
		};
/* End PBXNativeTarget section */

/* Begin PBXProject section */
		6591F49D1C7E5F6C0025345C /* Project object */ = {
			isa = PBXProject;
			attributes = {
				LastUpgradeCheck = 0720;
				ORGANIZATIONNAME = "Andrea Gottardo";
				TargetAttributes = {
					6591F4A41C7E5F6C0025345C = {
						CreatedOnToolsVersion = 7.2.1;
						DevelopmentTeam = V7Z242RQX3;
						SystemCapabilities = {
							com.apple.BackgroundModes = {
								enabled = 1;
							};
						};
					};
				};
			};
			buildConfigurationList = 6591F4A01C7E5F6C0025345C /* Build configuration list for PBXProject "you@B Sync" */;
			compatibilityVersion = "Xcode 3.2";
			developmentRegion = English;
			hasScannedForEncodings = 0;
			knownRegions = (
				en,
				Base,
			);
			mainGroup = 6591F49C1C7E5F6C0025345C;
			productRefGroup = 6591F4A61C7E5F6C0025345C /* Products */;
			projectDirPath = "";
			projectRoot = "";
			targets = (
				6591F4A41C7E5F6C0025345C /* you@B Sync */,
			);
		};
/* End PBXProject section */

/* Begin PBXResourcesBuildPhase section */
		6591F4A31C7E5F6C0025345C /* Resources */ = {
			isa = PBXResourcesBuildPhase;
			buildActionMask = 2147483647;
			files = (
				6591F4B81C7E5F6C0025345C /* LaunchScreen.storyboard in Resources */,
				6591F4B51C7E5F6C0025345C /* Assets.xcassets in Resources */,
				6591F4B31C7E5F6C0025345C /* Main.storyboard in Resources */,
			);
			runOnlyForDeploymentPostprocessing = 0;
		};
/* End PBXResourcesBuildPhase section */

/* Begin PBXShellScriptBuildPhase section */
		65120C9E1C7F54F4007F02E5 /* ShellScript */ = {
			isa = PBXShellScriptBuildPhase;
			buildActionMask = 2147483647;
			files = (
			);
			inputPaths = (
			);
			outputPaths = (
			);
			runOnlyForDeploymentPostprocessing = 0;
			shellPath = /bin/sh;
			shellScript = "./Fabric.framework/run effd7eda13325d763b3d1fb893cfed326441b114 625951a1bd49a3b7318f1eb2e4c992a3843aef8f7f31980326da99ea584550d9";
		};
/* End PBXShellScriptBuildPhase section */

/* Begin PBXSourcesBuildPhase section */
		6591F4A11C7E5F6C0025345C /* Sources */ = {
			isa = PBXSourcesBuildPhase;
			buildActionMask = 2147483647;
			files = (
				659BB5F61C7FB9B0003FB479 /* SarfattiConnector.m in Sources */,
				6591F4B01C7E5F6C0025345C /* ViewController.m in Sources */,
				6591F4AD1C7E5F6C0025345C /* AppDelegate.m in Sources */,
				6591F4AA1C7E5F6C0025345C /* main.m in Sources */,
				6510D76D1C7F3BB6002AA570 /* RoomsBrain.m in Sources */,
			);
			runOnlyForDeploymentPostprocessing = 0;
		};
/* End PBXSourcesBuildPhase section */

/* Begin PBXVariantGroup section */
		6591F4B11C7E5F6C0025345C /* Main.storyboard */ = {
			isa = PBXVariantGroup;
			children = (
				6591F4B21C7E5F6C0025345C /* Base */,
			);
			name = Main.storyboard;
			sourceTree = "<group>";
		};
		6591F4B61C7E5F6C0025345C /* LaunchScreen.storyboard */ = {
			isa = PBXVariantGroup;
			children = (
				6591F4B71C7E5F6C0025345C /* Base */,
			);
			name = LaunchScreen.storyboard;
			sourceTree = "<group>";
		};
/* End PBXVariantGroup section */

/* Begin XCBuildConfiguration section */
		6591F4BA1C7E5F6C0025345C /* Debug */ = {
			isa = XCBuildConfiguration;
			buildSettings = {
				ALWAYS_SEARCH_USER_PATHS = NO;
				CLANG_CXX_LANGUAGE_STANDARD = "gnu++0x";
				CLANG_CXX_LIBRARY = "libc++";
				CLANG_ENABLE_MODULES = YES;
				CLANG_ENABLE_OBJC_ARC = YES;
				CLANG_WARN_BOOL_CONVERSION = YES;
				CLANG_WARN_CONSTANT_CONVERSION = YES;
				CLANG_WARN_DIRECT_OBJC_ISA_USAGE = YES_ERROR;
				CLANG_WARN_EMPTY_BODY = YES;
				CLANG_WARN_ENUM_CONVERSION = YES;
				CLANG_WARN_INT_CONVERSION = YES;
				CLANG_WARN_OBJC_ROOT_CLASS = YES_ERROR;
				CLANG_WARN_UNREACHABLE_CODE = YES;
				CLANG_WARN__DUPLICATE_METHOD_MATCH = YES;
				"CODE_SIGN_IDENTITY[sdk=iphoneos*]" = "iPhone Developer";
				COPY_PHASE_STRIP = NO;
				DEBUG_INFORMATION_FORMAT = dwarf;
				ENABLE_STRICT_OBJC_MSGSEND = YES;
				ENABLE_TESTABILITY = YES;
				GCC_C_LANGUAGE_STANDARD = gnu99;
				GCC_DYNAMIC_NO_PIC = NO;
				GCC_NO_COMMON_BLOCKS = YES;
				GCC_OPTIMIZATION_LEVEL = 0;
				GCC_PREPROCESSOR_DEFINITIONS = (
					"DEBUG=1",
					"$(inherited)",
				);
				GCC_WARN_64_TO_32_BIT_CONVERSION = YES;
				GCC_WARN_ABOUT_RETURN_TYPE = YES_ERROR;
				GCC_WARN_UNDECLARED_SELECTOR = YES;
				GCC_WARN_UNINITIALIZED_AUTOS = YES_AGGRESSIVE;
				GCC_WARN_UNUSED_FUNCTION = YES;
				GCC_WARN_UNUSED_VARIABLE = YES;
				IPHONEOS_DEPLOYMENT_TARGET = 9.2;
				MTL_ENABLE_DEBUG_INFO = YES;
				ONLY_ACTIVE_ARCH = YES;
				SDKROOT = iphoneos;
			};
			name = Debug;
		};
		6591F4BB1C7E5F6C0025345C /* Release */ = {
			isa = XCBuildConfiguration;
			buildSettings = {
				ALWAYS_SEARCH_USER_PATHS = NO;
				CLANG_CXX_LANGUAGE_STANDARD = "gnu++0x";
				CLANG_CXX_LIBRARY = "libc++";
				CLANG_ENABLE_MODULES = YES;
				CLANG_ENABLE_OBJC_ARC = YES;
				CLANG_WARN_BOOL_CONVERSION = YES;
				CLANG_WARN_CONSTANT_CONVERSION = YES;
				CLANG_WARN_DIRECT_OBJC_ISA_USAGE = YES_ERROR;
				CLANG_WARN_EMPTY_BODY = YES;
				CLANG_WARN_ENUM_CONVERSION = YES;
				CLANG_WARN_INT_CONVERSION = YES;
				CLANG_WARN_OBJC_ROOT_CLASS = YES_ERROR;
				CLANG_WARN_UNREACHABLE_CODE = YES;
				CLANG_WARN__DUPLICATE_METHOD_MATCH = YES;
				"CODE_SIGN_IDENTITY[sdk=iphoneos*]" = "iPhone Developer";
				COPY_PHASE_STRIP = NO;
				DEBUG_INFORMATION_FORMAT = "dwarf-with-dsym";
				ENABLE_NS_ASSERTIONS = NO;
				ENABLE_STRICT_OBJC_MSGSEND = YES;
				GCC_C_LANGUAGE_STANDARD = gnu99;
				GCC_NO_COMMON_BLOCKS = YES;
				GCC_WARN_64_TO_32_BIT_CONVERSION = YES;
				GCC_WARN_ABOUT_RETURN_TYPE = YES_ERROR;
				GCC_WARN_UNDECLARED_SELECTOR = YES;
				GCC_WARN_UNINITIALIZED_AUTOS = YES_AGGRESSIVE;
				GCC_WARN_UNUSED_FUNCTION = YES;
				GCC_WARN_UNUSED_VARIABLE = YES;
				IPHONEOS_DEPLOYMENT_TARGET = 9.2;
				MTL_ENABLE_DEBUG_INFO = NO;
				SDKROOT = iphoneos;
				VALIDATE_PRODUCT = YES;
			};
			name = Release;
		};
		6591F4BD1C7E5F6C0025345C /* Debug */ = {
			isa = XCBuildConfiguration;
			buildSettings = {
				ASSETCATALOG_COMPILER_APPICON_NAME = AppIcon;
				CODE_SIGN_IDENTITY = "iPhone Developer";
				FRAMEWORK_SEARCH_PATHS = (
					"$(inherited)",
					"$(PROJECT_DIR)",
				);
				INFOPLIST_FILE = BocconiSync/Info.plist;
				IPHONEOS_DEPLOYMENT_TARGET = 9.0;
				LD_RUNPATH_SEARCH_PATHS = "$(inherited) @executable_path/Frameworks";
				PRODUCT_BUNDLE_IDENTIFIER = me.gottardo.bocconisync;
				PRODUCT_NAME = "you@B Sync";
			};
			name = Debug;
		};
		6591F4BE1C7E5F6C0025345C /* Release */ = {
			isa = XCBuildConfiguration;
			buildSettings = {
				ASSETCATALOG_COMPILER_APPICON_NAME = AppIcon;
				CODE_SIGN_IDENTITY = "iPhone Developer";
				FRAMEWORK_SEARCH_PATHS = (
					"$(inherited)",
					"$(PROJECT_DIR)",
				);
				INFOPLIST_FILE = BocconiSync/Info.plist;
				IPHONEOS_DEPLOYMENT_TARGET = 9.0;
				LD_RUNPATH_SEARCH_PATHS = "$(inherited) @executable_path/Frameworks";
				PRODUCT_BUNDLE_IDENTIFIER = me.gottardo.bocconisync;
				PRODUCT_NAME = "you@B Sync";
			};
			name = Release;
		};
/* End XCBuildConfiguration section */

/* Begin XCConfigurationList section */
		6591F4A01C7E5F6C0025345C /* Build configuration list for PBXProject "you@B Sync" */ = {
			isa = XCConfigurationList;
			buildConfigurations = (
				6591F4BA1C7E5F6C0025345C /* Debug */,
				6591F4BB1C7E5F6C0025345C /* Release */,
			);
			defaultConfigurationIsVisible = 0;
			defaultConfigurationName = Release;
		};
		6591F4BC1C7E5F6C0025345C /* Build configuration list for PBXNativeTarget "you@B Sync" */ = {
			isa = XCConfigurationList;
			buildConfigurations = (
				6591F4BD1C7E5F6C0025345C /* Debug */,
				6591F4BE1C7E5F6C0025345C /* Release */,
			);
			defaultConfigurationIsVisible = 0;
			defaultConfigurationName = Release;
		};
/* End XCConfigurationList section */
	};
	rootObject = 6591F49D1C7E5F6C0025345C /* Project object */;
}
